Microsoft Visual Studio Solution File, Format Version 12.00
# Visual Studio Version 17
VisualStudioVersion = 17.5.2.0
MinimumVisualStudioVersion = 10.0.40219.1
Project("{FAE04EC0-301F-11D3-BF4B-00C04F79EFBC}") = "CSI402", "CSI402.csproj", "{74A81952-EE21-F635-0DD7-AD07C80AD25F}"
EndProject
Global
	GlobalSection(SolutionConfigurationPlatforms) = preSolution
		Debug|Any CPU = Debug|Any CPU
		Release|Any CPU = Release|Any CPU
	EndGlobalSection
	GlobalSection(ProjectConfigurationPlatforms) = postSolution
		{74A81952-EE21-F635-0DD7-AD07C80AD25F}.Debug|Any CPU.ActiveCfg = Debug|Any CPU
		{74A81952-EE21-F635-0DD7-AD07C80AD25F}.Debug|Any CPU.Build.0 = Debug|Any CPU
		{74A81952-EE21-F635-0DD7-AD07C80AD25F}.Release|Any CPU.ActiveCfg = Release|Any CPU
		{74A81952-EE21-F635-0DD7-AD07C80AD25F}.Release|Any CPU.Build.0 = Release|Any CPU
	EndGlobalSection
	GlobalSection(SolutionProperties) = preSolution
		HideSolutionNode = FALSE
	EndGlobalSection
	GlobalSection(ExtensibilityGlobals) = postSolution
		SolutionGuid = {9ADE6C9A-0D7F-47B5-9715-B87B39A59DA7}
	EndGlobalSection
EndGlobal
